// !$*UTF8*$!
{
	archiveVersion = 1;
	classes = {
	};
	objectVersion = 55;
	objects = {

/* Begin PBXBuildFile section */
		32C8A49927B6A93F000A3F02 /* AppDelegate.swift in Sources */ = {isa = PBXBuildFile; fileRef = 32C8A49827B6A93F000A3F02 /* AppDelegate.swift */; };
		32C8A49B27B6A93F000A3F02 /* SceneDelegate.swift in Sources */ = {isa = PBXBuildFile; fileRef = 32C8A49A27B6A93F000A3F02 /* SceneDelegate.swift */; };
		32C8A4A027B6A93F000A3F02 /* Main.storyboard in Resources */ = {isa = PBXBuildFile; fileRef = 32C8A49E27B6A93F000A3F02 /* Main.storyboard */; };
		32C8A4A227B6A941000A3F02 /* Assets.xcassets in Resources */ = {isa = PBXBuildFile; fileRef = 32C8A4A127B6A941000A3F02 /* Assets.xcassets */; };
		32C8A4A527B6A941000A3F02 /* LaunchScreen.storyboard in Resources */ = {isa = PBXBuildFile; fileRef = 32C8A4A327B6A941000A3F02 /* LaunchScreen.storyboard */; };
		32C8A4B227B6AA40000A3F02 /* ShoppingListTableViewController.swift in Sources */ = {isa = PBXBuildFile; fileRef = 32C8A4B127B6AA40000A3F02 /* ShoppingListTableViewController.swift */; };
		32C8A4B427B6B38E000A3F02 /* Item.swift in Sources */ = {isa = PBXBuildFile; fileRef = 32C8A4B327B6B38E000A3F02 /* Item.swift */; };
		32C8A4B627B6B3F8000A3F02 /* ItemController.swift in Sources */ = {isa = PBXBuildFile; fileRef = 32C8A4B527B6B3F8000A3F02 /* ItemController.swift */; };
		32C8A4B827B6CA86000A3F02 /* ItemTableViewCell.swift in Sources */ = {isa = PBXBuildFile; fileRef = 32C8A4B727B6CA86000A3F02 /* ItemTableViewCell.swift */; };
/* End PBXBuildFile section */

/* Begin PBXFileReference section */
		32C8A49527B6A93F000A3F02 /* Shopping List Assessment.app */ = {isa = PBXFileReference; explicitFileType = wrapper.application; includeInIndex = 0; path = "Shopping List Assessment.app"; sourceTree = BUILT_PRODUCTS_DIR; };
		32C8A49827B6A93F000A3F02 /* AppDelegate.swift */ = {isa = PBXFileReference; lastKnownFileType = sourcecode.swift; path = AppDelegate.swift; sourceTree = "<group>"; };
		32C8A49A27B6A93F000A3F02 /* SceneDelegate.swift */ = {isa = PBXFileReference; lastKnownFileType = sourcecode.swift; path = SceneDelegate.swift; sourceTree = "<group>"; };
		32C8A49F27B6A93F000A3F02 /* Base */ = {isa = PBXFileReference; lastKnownFileType = file.storyboard; name = Base; path = Base.lproj/Main.storyboard; sourceTree = "<group>"; };
		32C8A4A127B6A941000A3F02 /* Assets.xcassets */ = {isa = PBXFileReference; lastKnownFileType = folder.assetcatalog; path = Assets.xcassets; sourceTree = "<group>"; };
		32C8A4A427B6A941000A3F02 /* Base */ = {isa = PBXFileReference; lastKnownFileType = file.storyboard; name = Base; path = Base.lproj/LaunchScreen.storyboard; sourceTree = "<group>"; };
		32C8A4A627B6A941000A3F02 /* Info.plist */ = {isa = PBXFileReference; lastKnownFileType = text.plist.xml; path = Info.plist; sourceTree = "<group>"; };
		32C8A4B127B6AA40000A3F02 /* ShoppingListTableViewController.swift */ = {isa = PBXFileReference; lastKnownFileType = sourcecode.swift; path = ShoppingListTableViewController.swift; sourceTree = "<group>"; };
		32C8A4B327B6B38E000A3F02 /* Item.swift */ = {isa = PBXFileReference; lastKnownFileType = sourcecode.swift; path = Item.swift; sourceTree = "<group>"; };
		32C8A4B527B6B3F8000A3F02 /* ItemController.swift */ = {isa = PBXFileReference; lastKnownFileType = sourcecode.swift; path = ItemController.swift; sourceTree = "<group>"; };
		32C8A4B727B6CA86000A3F02 /* ItemTableViewCell.swift */ = {isa = PBXFileReference; lastKnownFileType = sourcecode.swift; path = ItemTableViewCell.swift; sourceTree = "<group>"; };
/* End PBXFileReference section */

/* Begin PBXFrameworksBuildPhase section */
		32C8A49227B6A93F000A3F02 /* Frameworks */ = {
			isa = PBXFrameworksBuildPhase;
			buildActionMask = 2147483647;
			files = (
			);
			runOnlyForDeploymentPostprocessing = 0;
		};
/* End PBXFrameworksBuildPhase section */

/* Begin PBXGroup section */
		32C8A48C27B6A93F000A3F02 = {
			isa = PBXGroup;
			children = (
				32C8A49727B6A93F000A3F02 /* Shopping List Assessment */,
				32C8A49627B6A93F000A3F02 /* Products */,
			);
			sourceTree = "<group>";
		};
		32C8A49627B6A93F000A3F02 /* Products */ = {
			isa = PBXGroup;
			children = (
				32C8A49527B6A93F000A3F02 /* Shopping List Assessment.app */,
			);
			name = Products;
			sourceTree = "<group>";
		};
		32C8A49727B6A93F000A3F02 /* Shopping List Assessment */ = {
			isa = PBXGroup;
			children = (
				32C8A4B027B6A9CE000A3F02 /* Model Controllers */,
				32C8A4AF27B6A9C4000A3F02 /* Controllers */,
				32C8A4AE27B6A9BE000A3F02 /* Model */,
				32C8A4AC27B6A97D000A3F02 /* Resources */,
				32C8A4AD27B6A9B5000A3F02 /* Storyboards */,
			);
			path = "Shopping List Assessment";
			sourceTree = "<group>";
		};
		32C8A4AC27B6A97D000A3F02 /* Resources */ = {
			isa = PBXGroup;
			children = (
				32C8A49827B6A93F000A3F02 /* AppDelegate.swift */,
				32C8A49A27B6A93F000A3F02 /* SceneDelegate.swift */,
				32C8A4A127B6A941000A3F02 /* Assets.xcassets */,
				32C8A4A627B6A941000A3F02 /* Info.plist */,
			);
			path = Resources;
			sourceTree = "<group>";
		};
		32C8A4AD27B6A9B5000A3F02 /* Storyboards */ = {
			isa = PBXGroup;
			children = (
				32C8A49E27B6A93F000A3F02 /* Main.storyboard */,
				32C8A4A327B6A941000A3F02 /* LaunchScreen.storyboard */,
			);
			path = Storyboards;
			sourceTree = "<group>";
		};
		32C8A4AE27B6A9BE000A3F02 /* Model */ = {
			isa = PBXGroup;
			children = (
				32C8A4B327B6B38E000A3F02 /* Item.swift */,
			);
			path = Model;
			sourceTree = "<group>";
		};
		32C8A4AF27B6A9C4000A3F02 /* Controllers */ = {
			isa = PBXGroup;
			children = (
				32C8A4B127B6AA40000A3F02 /* ShoppingListTableViewController.swift */,
				32C8A4B727B6CA86000A3F02 /* ItemTableViewCell.swift */,
			);
			path = Controllers;
			sourceTree = "<group>";
		};
		32C8A4B027B6A9CE000A3F02 /* Model Controllers */ = {
			isa = PBXGroup;
			children = (
				32C8A4B527B6B3F8000A3F02 /* ItemController.swift */,
			);
			path = "Model Controllers";
			sourceTree = "<group>";
		};
/* End PBXGroup section */

/* Begin PBXNativeTarget section */
		32C8A49427B6A93F000A3F02 /* Shopping List Assessment */ = {
			isa = PBXNativeTarget;
			buildConfigurationList = 32C8A4A927B6A941000A3F02 /* Build configuration list for PBXNativeTarget "Shopping List Assessment" */;
			buildPhases = (
				32C8A49127B6A93F000A3F02 /* Sources */,
				32C8A49227B6A93F000A3F02 /* Frameworks */,
				32C8A49327B6A93F000A3F02 /* Resources */,
			);
			buildRules = (
			);
			dependencies = (
			);
			name = "Shopping List Assessment";
			productName = "Shopping List Assessment";
			productReference = 32C8A49527B6A93F000A3F02 /* Shopping List Assessment.app */;
			productType = "com.apple.product-type.application";
		};
/* End PBXNativeTarget section */

/* Begin PBXProject section */
		32C8A48D27B6A93F000A3F02 /* Project object */ = {
			isa = PBXProject;
			attributes = {
				BuildIndependentTargetsInParallel = 1;
				LastSwiftUpdateCheck = 1300;
				LastUpgradeCheck = 1300;
				TargetAttributes = {
					32C8A49427B6A93F000A3F02 = {
						CreatedOnToolsVersion = 13.0;
					};
				};
			};
			buildConfigurationList = 32C8A49027B6A93F000A3F02 /* Build configuration list for PBXProject "Shopping List Assessment" */;
			compatibilityVersion = "Xcode 13.0";
			developmentRegion = en;
			hasScannedForEncodings = 0;
			knownRegions = (
				en,
				Base,
			);
			mainGroup = 32C8A48C27B6A93F000A3F02;
			productRefGroup = 32C8A49627B6A93F000A3F02 /* Products */;
			projectDirPath = "";
			projectRoot = "";
			targets = (
				32C8A49427B6A93F000A3F02 /* Shopping List Assessment */,
			);
		};
/* End PBXProject section */

/* Begin PBXResourcesBuildPhase section */
		32C8A49327B6A93F000A3F02 /* Resources */ = {
			isa = PBXResourcesBuildPhase;
			buildActionMask = 2147483647;
			files = (
				32C8A4A527B6A941000A3F02 /* LaunchScreen.storyboard in Resources */,
				32C8A4A227B6A941000A3F02 /* Assets.xcassets in Resources */,
				32C8A4A027B6A93F000A3F02 /* Main.storyboard in Resources */,
			);
			runOnlyForDeploymentPostprocessing = 0;
		};
/* End PBXResourcesBuildPhase section */

/* Begin PBXSourcesBuildPhase section */
		32C8A49127B6A93F000A3F02 /* Sources */ = {
			isa = PBXSourcesBuildPhase;
			buildActionMask = 2147483647;
			files = (
				32C8A4B427B6B38E000A3F02 /* Item.swift in Sources */,
				32C8A49927B6A93F000A3F02 /* AppDelegate.swift in Sources */,
				32C8A49B27B6A93F000A3F02 /* SceneDelegate.swift in Sources */,
				32C8A4B627B6B3F8000A3F02 /* ItemController.swift in Sources */,
				32C8A4B827B6CA86000A3F02 /* ItemTableViewCell.swift in Sources */,
				32C8A4B227B6AA40000A3F02 /* ShoppingListTableViewController.swift in Sources */,
			);
			runOnlyForDeploymentPostprocessing = 0;
		};
/* End PBXSourcesBuildPhase section */

/* Begin PBXVariantGroup section */
		32C8A49E27B6A93F000A3F02 /* Main.storyboard */ = {
			isa = PBXVariantGroup;
			children = (
				32C8A49F27B6A93F000A3F02 /* Base */,
			);
			name = Main.storyboard;
			sourceTree = "<group>";
		};
		32C8A4A327B6A941000A3F02 /* LaunchScreen.storyboard */ = {
			isa = PBXVariantGroup;
			children = (
				32C8A4A427B6A941000A3F02 /* Base */,
			);
			name = LaunchScreen.storyboard;
			sourceTree = "<group>";
		};
/* End PBXVariantGroup section */

/* Begin XCBuildConfiguration section */
		32C8A4A727B6A941000A3F02 /* Debug */ = {
			isa = XCBuildConfiguration;
			buildSettings = {
				ALWAYS_SEARCH_USER_PATHS = NO;
				CLANG_ANALYZER_NONNULL = YES;
				CLANG_ANALYZER_NUMBER_OBJECT_CONVERSION = YES_AGGRESSIVE;
				CLANG_CXX_LANGUAGE_STANDARD = "gnu++17";
				CLANG_CXX_LIBRARY = "libc++";
				CLANG_ENABLE_MODULES = YES;
				CLANG_ENABLE_OBJC_ARC = YES;
				CLANG_ENABLE_OBJC_WEAK = YES;
				CLANG_WARN_BLOCK_CAPTURE_AUTORELEASING = YES;
				CLANG_WARN_BOOL_CONVERSION = YES;
				CLANG_WARN_COMMA = YES;
				CLANG_WARN_CONSTANT_CONVERSION = YES;
				CLANG_WARN_DEPRECATED_OBJC_IMPLEMENTATIONS = YES;
				CLANG_WARN_DIRECT_OBJC_ISA_USAGE = YES_ERROR;
				CLANG_WARN_DOCUMENTATION_COMMENTS = YES;
				CLANG_WARN_EMPTY_BODY = YES;
				CLANG_WARN_ENUM_CONVERSION = YES;
				CLANG_WARN_INFINITE_RECURSION = YES;
				CLANG_WARN_INT_CONVERSION = YES;
				CLANG_WARN_NON_LITERAL_NULL_CONVERSION = YES;
				CLANG_WARN_OBJC_IMPLICIT_RETAIN_SELF = YES;
				CLANG_WARN_OBJC_LITERAL_CONVERSION = YES;
				CLANG_WARN_OBJC_ROOT_CLASS = YES_ERROR;
				CLANG_WARN_QUOTED_INCLUDE_IN_FRAMEWORK_HEADER = YES;
				CLANG_WARN_RANGE_LOOP_ANALYSIS = YES;
				CLANG_WARN_STRICT_PROTOTYPES = YES;
				CLANG_WARN_SUSPICIOUS_MOVE = YES;
				CLANG_WARN_UNGUARDED_AVAILABILITY = YES_AGGRESSIVE;
				CLANG_WARN_UNREACHABLE_CODE = YES;
				CLANG_WARN__DUPLICATE_METHOD_MATCH = YES;
				COPY_PHASE_STRIP = NO;
				DEBUG_INFORMATION_FORMAT = dwarf;
				ENABLE_STRICT_OBJC_MSGSEND = YES;
				ENABLE_TESTABILITY = YES;
				GCC_C_LANGUAGE_STANDARD = gnu11;
				GCC_DYNAMIC_NO_PIC = NO;
				GCC_NO_COMMON_BLOCKS = YES;
				GCC_OPTIMIZATION_LEVEL = 0;
				GCC_PREPROCESSOR_DEFINITIONS = (
					"DEBUG=1",
					"$(inherited)",
				);
				GCC_WARN_64_TO_32_BIT_CONVERSION = YES;
				GCC_WARN_ABOUT_RETURN_TYPE = YES_ERROR;
				GCC_WARN_UNDECLARED_SELECTOR = YES;
				GCC_WARN_UNINITIALIZED_AUTOS = YES_AGGRESSIVE;
				GCC_WARN_UNUSED_FUNCTION = YES;
				GCC_WARN_UNUSED_VARIABLE = YES;
				IPHONEOS_DEPLOYMENT_TARGET = 15.0;
				MTL_ENABLE_DEBUG_INFO = INCLUDE_SOURCE;
				MTL_FAST_MATH = YES;
				ONLY_ACTIVE_ARCH = YES;
				SDKROOT = iphoneos;
				SWIFT_ACTIVE_COMPILATION_CONDITIONS = DEBUG;
				SWIFT_OPTIMIZATION_LEVEL = "-Onone";
			};
			name = Debug;
		};
		32C8A4A827B6A941000A3F02 /* Release */ = {
			isa = XCBuildConfiguration;
			buildSettings = {
				ALWAYS_SEARCH_USER_PATHS = NO;
				CLANG_ANALYZER_NONNULL = YES;
				CLANG_ANALYZER_NUMBER_OBJECT_CONVERSION = YES_AGGRESSIVE;
				CLANG_CXX_LANGUAGE_STANDARD = "gnu++17";
				CLANG_CXX_LIBRARY = "libc++";
				CLANG_ENABLE_MODULES = YES;
				CLANG_ENABLE_OBJC_ARC = YES;
				CLANG_ENABLE_OBJC_WEAK = YES;
				CLANG_WARN_BLOCK_CAPTURE_AUTORELEASING = YES;
				CLANG_WARN_BOOL_CONVERSION = YES;
				CLANG_WARN_COMMA = YES;
				CLANG_WARN_CONSTANT_CONVERSION = YES;
				CLANG_WARN_DEPRECATED_OBJC_IMPLEMENTATIONS = YES;
				CLANG_WARN_DIRECT_OBJC_ISA_USAGE = YES_ERROR;
				CLANG_WARN_DOCUMENTATION_COMMENTS = YES;
				CLANG_WARN_EMPTY_BODY = YES;
				CLANG_WARN_ENUM_CONVERSION = YES;
				CLANG_WARN_INFINITE_RECURSION = YES;
				CLANG_WARN_INT_CONVERSION = YES;
				CLANG_WARN_NON_LITERAL_NULL_CONVERSION = YES;
				CLANG_WARN_OBJC_IMPLICIT_RETAIN_SELF = YES;
				CLANG_WARN_OBJC_LITERAL_CONVERSION = YES;
				CLANG_WARN_OBJC_ROOT_CLASS = YES_ERROR;
				CLANG_WARN_QUOTED_INCLUDE_IN_FRAMEWORK_HEADER = YES;
				CLANG_WARN_RANGE_LOOP_ANALYSIS = YES;
				CLANG_WARN_STRICT_PROTOTYPES = YES;
				CLANG_WARN_SUSPICIOUS_MOVE = YES;
				CLANG_WARN_UNGUARDED_AVAILABILITY = YES_AGGRESSIVE;
				CLANG_WARN_UNREACHABLE_CODE = YES;
				CLANG_WARN__DUPLICATE_METHOD_MATCH = YES;
				COPY_PHASE_STRIP = NO;
				DEBUG_INFORMATION_FORMAT = "dwarf-with-dsym";
				ENABLE_NS_ASSERTIONS = NO;
				ENABLE_STRICT_OBJC_MSGSEND = YES;
				GCC_C_LANGUAGE_STANDARD = gnu11;
				GCC_NO_COMMON_BLOCKS = YES;
				GCC_WARN_64_TO_32_BIT_CONVERSION = YES;
				GCC_WARN_ABOUT_RETURN_TYPE = YES_ERROR;
				GCC_WARN_UNDECLARED_SELECTOR = YES;
				GCC_WARN_UNINITIALIZED_AUTOS = YES_AGGRESSIVE;
				GCC_WARN_UNUSED_FUNCTION = YES;
				GCC_WARN_UNUSED_VARIABLE = YES;
				IPHONEOS_DEPLOYMENT_TARGET = 15.0;
				MTL_ENABLE_DEBUG_INFO = NO;
				MTL_FAST_MATH = YES;
				SDKROOT = iphoneos;
				SWIFT_COMPILATION_MODE = wholemodule;
				SWIFT_OPTIMIZATION_LEVEL = "-O";
				VALIDATE_PRODUCT = YES;
			};
			name = Release;
		};
		32C8A4AA27B6A941000A3F02 /* Debug */ = {
			isa = XCBuildConfiguration;
			buildSettings = {
				ASSETCATALOG_COMPILER_APPICON_NAME = AppIcon;
				ASSETCATALOG_COMPILER_GLOBAL_ACCENT_COLOR_NAME = AccentColor;
				CODE_SIGN_STYLE = Automatic;
				CURRENT_PROJECT_VERSION = 1;
				GENERATE_INFOPLIST_FILE = YES;
				INFOPLIST_FILE = "Shopping List Assessment/Resources/Info.plist";
				INFOPLIST_KEY_UIApplicationSupportsIndirectInputEvents = YES;
				INFOPLIST_KEY_UILaunchStoryboardName = LaunchScreen;
				INFOPLIST_KEY_UIMainStoryboardFile = Main;
				INFOPLIST_KEY_UISupportedInterfaceOrientations_iPad = "UIInterfaceOrientationPortrait UIInterfaceOrientationPortraitUpsideDown UIInterfaceOrientationLandscapeLeft UIInterfaceOrientationLandscapeRight";
				INFOPLIST_KEY_UISupportedInterfaceOrientations_iPhone = "UIInterfaceOrientationPortrait UIInterfaceOrientationLandscapeLeft UIInterfaceOrientationLandscapeRight";
				LD_RUNPATH_SEARCH_PATHS = (
					"$(inherited)",
					"@executable_path/Frameworks",
				);
				MARKETING_VERSION = 1.0;
				PRODUCT_BUNDLE_IDENTIFIER = "Emily.Shopping-List-Assessment";
				PRODUCT_NAME = "$(TARGET_NAME)";
				SWIFT_EMIT_LOC_STRINGS = YES;
				SWIFT_VERSION = 5.0;
				TARGETED_DEVICE_FAMILY = "1,2";
			};
			name = Debug;
		};
		32C8A4AB27B6A941000A3F02 /* Release */ = {
			isa = XCBuildConfiguration;
			buildSettings = {
				ASSETCATALOG_COMPILER_APPICON_NAME = AppIcon;
				ASSETCATALOG_COMPILER_GLOBAL_ACCENT_COLOR_NAME = AccentColor;
				CODE_SIGN_STYLE = Automatic;
				CURRENT_PROJECT_VERSION = 1;
				GENERATE_INFOPLIST_FILE = YES;
				INFOPLIST_FILE = "Shopping List Assessment/Resources/Info.plist";
				INFOPLIST_KEY_UIApplicationSupportsIndirectInputEvents = YES;
				INFOPLIST_KEY_UILaunchStoryboardName = LaunchScreen;
				INFOPLIST_KEY_UIMainStoryboardFile = Main;
				INFOPLIST_KEY_UISupportedInterfaceOrientations_iPad = "UIInterfaceOrientationPortrait UIInterfaceOrientationPortraitUpsideDown UIInterfaceOrientationLandscapeLeft UIInterfaceOrientationLandscapeRight";
				INFOPLIST_KEY_UISupportedInterfaceOrientations_iPhone = "UIInterfaceOrientationPortrait UIInterfaceOrientationLandscapeLeft UIInterfaceOrientationLandscapeRight";
				LD_RUNPATH_SEARCH_PATHS = (
					"$(inherited)",
					"@executable_path/Frameworks",
				);
				MARKETING_VERSION = 1.0;
				PRODUCT_BUNDLE_IDENTIFIER = "Emily.Shopping-List-Assessment";
				PRODUCT_NAME = "$(TARGET_NAME)";
				SWIFT_EMIT_LOC_STRINGS = YES;
				SWIFT_VERSION = 5.0;
				TARGETED_DEVICE_FAMILY = "1,2";
			};
			name = Release;
		};
/* End XCBuildConfiguration section */

/* Begin XCConfigurationList section */
		32C8A49027B6A93F000A3F02 /* Build configuration list for PBXProject "Shopping List Assessment" */ = {
			isa = XCConfigurationList;
			buildConfigurations = (
				32C8A4A727B6A941000A3F02 /* Debug */,
				32C8A4A827B6A941000A3F02 /* Release */,
			);
			defaultConfigurationIsVisible = 0;
			defaultConfigurationName = Release;
		};
		32C8A4A927B6A941000A3F02 /* Build configuration list for PBXNativeTarget "Shopping List Assessment" */ = {
			isa = XCConfigurationList;
			buildConfigurations = (
				32C8A4AA27B6A941000A3F02 /* Debug */,
				32C8A4AB27B6A941000A3F02 /* Release */,
			);
			defaultConfigurationIsVisible = 0;
			defaultConfigurationName = Release;
		};
/* End XCConfigurationList section */
	};
	rootObject = 32C8A48D27B6A93F000A3F02 /* Project object */;
}
